
Microsoft Visual Studio Solution File, Format Version 12.00
# Visual Studio Version 17
VisualStudioVersion = 17.7.34024.191
MinimumVisualStudioVersion = 10.0.40219.1
Project("{FAE04EC0-301F-11D3-BF4B-00C04F79EFBC}") = "Homework 02.09.23", "Homework 02.09.23\Homework 02.09.23.csproj", "{C1A26A8C-4142-4F13-BD73-474074904157}"
EndProject
Global
	GlobalSection(SolutionConfigurationPlatforms) = preSolution
		Debug|Any CPU = Debug|Any CPU
		Release|Any CPU = Release|Any CPU
	EndGlobalSection
	GlobalSection(ProjectConfigurationPlatforms) = postSolution
		{C1A26A8C-4142-4F13-BD73-474074904157}.Debug|Any CPU.ActiveCfg = Debug|Any CPU
		{C1A26A8C-4142-4F13-BD73-474074904157}.Debug|Any CPU.Build.0 = Debug|Any CPU
		{C1A26A8C-4142-4F13-BD73-474074904157}.Release|Any CPU.ActiveCfg = Release|Any CPU
		{C1A26A8C-4142-4F13-BD73-474074904157}.Release|Any CPU.Build.0 = Release|Any CPU
	EndGlobalSection
	GlobalSection(SolutionProperties) = preSolution
		HideSolutionNode = FALSE
	EndGlobalSection
	GlobalSection(ExtensibilityGlobals) = postSolution
		SolutionGuid = {CF0AB2DF-2D66-46AA-ABF7-ECF2B842674F}
	EndGlobalSection
EndGlobal
